
Microsoft Visual Studio Solution File, Format Version 12.00
# Visual Studio Version 17
VisualStudioVersion = 17.6.33723.286
MinimumVisualStudioVersion = 10.0.40219.1
Project("{8BC9CEB8-8B4A-11D0-8D11-00A0C91BC942}") = "juego", "juego.vcxproj", "{99965BE1-B688-452B-A116-230BD0C54EA2}"
EndProject
Project("{8BC9CEB8-8B4A-11D0-8D11-00A0C91BC942}") = "engine", "..\..\..\engine\proyect\visualStudio2022\engine.vcxproj", "{CB15F89A-1D4A-4860-8416-F801B9389C23}"
EndProject
Global
	GlobalSection(SolutionConfigurationPlatforms) = preSolution
		Debug|x64 = Debug|x64
		Release|x64 = Release|x64
	EndGlobalSection
	GlobalSection(ProjectConfigurationPlatforms) = postSolution
		{99965BE1-B688-452B-A116-230BD0C54EA2}.Debug|x64.ActiveCfg = Debug|x64
		{99965BE1-B688-452B-A116-230BD0C54EA2}.Debug|x64.Build.0 = Debug|x64
		{99965BE1-B688-452B-A116-230BD0C54EA2}.Release|x64.ActiveCfg = Release|x64
		{99965BE1-B688-452B-A116-230BD0C54EA2}.Release|x64.Build.0 = Release|x64
		{CB15F89A-1D4A-4860-8416-F801B9389C23}.Debug|x64.ActiveCfg = Debug|x64
		{CB15F89A-1D4A-4860-8416-F801B9389C23}.Debug|x64.Build.0 = Debug|x64
		{CB15F89A-1D4A-4860-8416-F801B9389C23}.Release|x64.ActiveCfg = Release|x64
		{CB15F89A-1D4A-4860-8416-F801B9389C23}.Release|x64.Build.0 = Release|x64
	EndGlobalSection
	GlobalSection(SolutionProperties) = preSolution
		HideSolutionNode = FALSE
	EndGlobalSection
	GlobalSection(ExtensibilityGlobals) = postSolution
		SolutionGuid = {9EF7B890-BDF1-4A8C-AD88-D1D60027AD19}
	EndGlobalSection
EndGlobal
