<?xml version="1.0" encoding="utf-8"?>
<Project ToolsVersion="4.0" xmlns="http://schemas.microsoft.com/developer/msbuild/2003">
  <ItemGroup>
    <Filter Include="Sources">
      <UniqueIdentifier>{973be11e-876d-4d1d-9d3e-9b1c8d952638}</UniqueIdentifier>
    </Filter>
    <Filter Include="Headers">
      <UniqueIdentifier>{551393d4-c57c-4f16-89b9-4b53418d7222}</UniqueIdentifier>
    </Filter>
  </ItemGroup>
  <ItemGroup>
    <ClCompile Include="..\..\code\Sources\World.cpp">
      <Filter>Sources</Filter>
    </ClCompile>
    <ClCompile Include="..\..\code\Sources\Main.cpp">
      <Filter>Sources</Filter>
    </ClCompile>
    <ClCompile Include="..\..\code\Sources\Body.cpp">
      <Filter>Sources</Filter>
    </ClCompile>
    <ClCompile Include="..\..\code\Sources\Sphere.cpp">
      <Filter>Sources</Filter>
    </ClCompile>
    <ClCompile Include="..\..\code\Sources\Edge.cpp">
      <Filter>Sources</Filter>
    </ClCompile>
    <ClCompile Include="..\..\code\Sources\Polygon.cpp">
      <Filter>Sources</Filter>
    </ClCompile>
    <ClCompile Include="..\..\code\Sources\Renderer.cpp">
      <Filter>Sources</Filter>
    </ClCompile>
    <ClCompile Include="..\..\code\Sources\MultiShapeObject.cpp">
      <Filter>Sources</Filter>
    </ClCompile>
    <ClCompile Include="..\..\code\Sources\Scene.cpp">
      <Filter>Sources</Filter>
    </ClCompile>
    <ClCompile Include="..\..\code\Sources\Message.cpp">
      <Filter>Sources</Filter>
    </ClCompile>
    <ClCompile Include="..\..\code\Headers\InputManager.cpp">
      <Filter>Sources</Filter>
    </ClCompile>
    <ClCompile Include="..\..\code\Sources\Car.cpp">
      <Filter>Sources</Filter>
    </ClCompile>
    <ClCompile Include="..\..\code\Sources\Turret.cpp">
      <Filter>Sources</Filter>
    </ClCompile>
    <ClCompile Include="..\..\code\Sources\Colision.cpp">
      <Filter>Sources</Filter>
    </ClCompile>
    <ClCompile Include="..\..\code\Sources\ParticlePool.cpp">
      <Filter>Sources</Filter>
    </ClCompile>
    <ClCompile Include="..\..\code\Sources\Particles.cpp">
      <Filter>Sources</Filter>
    </ClCompile>
    <ClCompile Include="..\..\code\Sources\ParticleUpdater.cpp">
      <Filter>Sources</Filter>
    </ClCompile>
    <ClCompile Include="..\..\code\Sources\ParticleRenderer.cpp">
      <Filter>Sources</Filter>
    </ClCompile>
    <ClCompile Include="..\..\code\Sources\ParticleSystem.cpp">
      <Filter>Sources</Filter>
    </ClCompile>
  </ItemGroup>
  <ItemGroup>
    <ClInclude Include="..\..\code\Headers\World.hpp">
      <Filter>Headers</Filter>
    </ClInclude>
    <ClInclude Include="..\..\code\Headers\Body.hpp">
      <Filter>Headers</Filter>
    </ClInclude>
    <ClInclude Include="..\..\code\Headers\Sphere.hpp">
      <Filter>Headers</Filter>
    </ClInclude>
    <ClInclude Include="..\..\code\Headers\Edge.hpp">
      <Filter>Headers</Filter>
    </ClInclude>
    <ClInclude Include="..\..\code\Headers\Polygon.hpp">
      <Filter>Headers</Filter>
    </ClInclude>
    <ClInclude Include="..\..\code\Headers\Render.hpp">
      <Filter>Headers</Filter>
    </ClInclude>
    <ClInclude Include="..\..\code\Headers\MultiShapeObject.hpp">
      <Filter>Headers</Filter>
    </ClInclude>
    <ClInclude Include="..\..\code\Headers\Collision.hpp">
      <Filter>Headers</Filter>
    </ClInclude>
    <ClInclude Include="..\..\code\Headers\Scene.hpp">
      <Filter>Headers</Filter>
    </ClInclude>
    <ClInclude Include="..\..\code\Headers\Message.hpp">
      <Filter>Headers</Filter>
    </ClInclude>
    <ClInclude Include="..\..\code\Headers\InputManager.hpp">
      <Filter>Headers</Filter>
    </ClInclude>
    <ClInclude Include="..\..\code\Headers\Car.hpp">
      <Filter>Headers</Filter>
    </ClInclude>
    <ClInclude Include="..\..\code\Headers\Turret.hpp">
      <Filter>Headers</Filter>
    </ClInclude>
    <ClInclude Include="..\..\code\Headers\Particle.hpp">
      <Filter>Headers</Filter>
    </ClInclude>
    <ClInclude Include="..\..\code\Headers\ParticlePool.hpp">
      <Filter>Headers</Filter>
    </ClInclude>
    <ClInclude Include="..\..\code\Headers\ParticleRenderer.hpp">
      <Filter>Headers</Filter>
    </ClInclude>
    <ClInclude Include="..\..\code\Headers\ParticleSystem.hpp">
      <Filter>Headers</Filter>
    </ClInclude>
    <ClInclude Include="..\..\code\Headers\ParticleUpdater.hpp">
      <Filter>Headers</Filter>
    </ClInclude>
  </ItemGroup>
</Project>